
Microsoft Visual Studio Solution File, Format Version 12.00
# Visual Studio Version 17
VisualStudioVersion = 17.5.002.0
MinimumVisualStudioVersion = 10.0.40219.1
Project("{9A19103F-16F7-4668-BE54-9A1E7A4F7556}") = "CognitoDemo", "CognitoDemo.csproj", "{EEC674F7-7CCB-4242-9158-98ECA9CC6DB9}"
EndProject
Global
	GlobalSection(SolutionConfigurationPlatforms) = preSolution
		Debug|Any CPU = Debug|Any CPU
		Release|Any CPU = Release|Any CPU
	EndGlobalSection
	GlobalSection(ProjectConfigurationPlatforms) = postSolution
		{EEC674F7-7CCB-4242-9158-98ECA9CC6DB9}.Debug|Any CPU.ActiveCfg = Debug|Any CPU
		{EEC674F7-7CCB-4242-9158-98ECA9CC6DB9}.Debug|Any CPU.Build.0 = Debug|Any CPU
		{EEC674F7-7CCB-4242-9158-98ECA9CC6DB9}.Release|Any CPU.ActiveCfg = Release|Any CPU
		{EEC674F7-7CCB-4242-9158-98ECA9CC6DB9}.Release|Any CPU.Build.0 = Release|Any CPU
	EndGlobalSection
	GlobalSection(SolutionProperties) = preSolution
		HideSolutionNode = FALSE
	EndGlobalSection
	GlobalSection(ExtensibilityGlobals) = postSolution
		SolutionGuid = {72781265-1656-439E-A964-827DB985115D}
	EndGlobalSection
EndGlobal
